{
  "name": "TextGameEngine",
  "lockfileVersion": 2,
  "requires": true,
  "packages": {
    "": {
      "dependencies": {
        "javax": "^0.0.1"
      }
    },
    "node_modules/javax": {
      "version": "0.0.1",
      "resolved": "https://registry.npmjs.org/javax/-/javax-0.0.1.tgz",
      "integrity": "sha512-cZsjL9Nhw2n8j05q2+Vyk+pB4w9SuCXZPcWFvy0Vq0KS/U2Nl51nOKpnbDkpg0gPdx55sw5ZMABFqNg3Z81qbQ=="
    }
  },
  "dependencies": {
    "javax": {
      "version": "0.0.1",
      "resolved": "https://registry.npmjs.org/javax/-/javax-0.0.1.tgz",
      "integrity": "sha512-cZsjL9Nhw2n8j05q2+Vyk+pB4w9SuCXZPcWFvy0Vq0KS/U2Nl51nOKpnbDkpg0gPdx55sw5ZMABFqNg3Z81qbQ=="
    }
  }
}
